// !$*UTF8*$!
{
	archiveVersion = 1;
	classes = {
	};
	objectVersion = 50;
	objects = {

/* Begin PBXBuildFile section */
		AA62E04624FFD906005D7EB7 /* AppDelegate.swift in Sources */ = {isa = PBXBuildFile; fileRef = AA62E04524FFD906005D7EB7 /* AppDelegate.swift */; };
		AA62E04824FFD906005D7EB7 /* SceneDelegate.swift in Sources */ = {isa = PBXBuildFile; fileRef = AA62E04724FFD906005D7EB7 /* SceneDelegate.swift */; };
		AA62E04A24FFD906005D7EB7 /* ConquestViewController.swift in Sources */ = {isa = PBXBuildFile; fileRef = AA62E04924FFD906005D7EB7 /* ConquestViewController.swift */; };
		AA62E04D24FFD906005D7EB7 /* Main.storyboard in Resources */ = {isa = PBXBuildFile; fileRef = AA62E04B24FFD906005D7EB7 /* Main.storyboard */; };
		AA62E04F24FFD908005D7EB7 /* Assets.xcassets in Resources */ = {isa = PBXBuildFile; fileRef = AA62E04E24FFD908005D7EB7 /* Assets.xcassets */; };
		AA62E05224FFD908005D7EB7 /* LaunchScreen.storyboard in Resources */ = {isa = PBXBuildFile; fileRef = AA62E05024FFD908005D7EB7 /* LaunchScreen.storyboard */; };
		AA62E05B24FFDA03005D7EB7 /* ConquestPageViewController.swift in Sources */ = {isa = PBXBuildFile; fileRef = AA62E05A24FFDA03005D7EB7 /* ConquestPageViewController.swift */; };
/* End PBXBuildFile section */

/* Begin PBXFileReference section */
		AA62E04224FFD906005D7EB7 /* ConquestsView.app */ = {isa = PBXFileReference; explicitFileType = wrapper.application; includeInIndex = 0; path = ConquestsView.app; sourceTree = BUILT_PRODUCTS_DIR; };
		AA62E04524FFD906005D7EB7 /* AppDelegate.swift */ = {isa = PBXFileReference; lastKnownFileType = sourcecode.swift; path = AppDelegate.swift; sourceTree = "<group>"; };
		AA62E04724FFD906005D7EB7 /* SceneDelegate.swift */ = {isa = PBXFileReference; lastKnownFileType = sourcecode.swift; path = SceneDelegate.swift; sourceTree = "<group>"; };
		AA62E04924FFD906005D7EB7 /* ConquestViewController.swift */ = {isa = PBXFileReference; lastKnownFileType = sourcecode.swift; path = ConquestViewController.swift; sourceTree = "<group>"; };
		AA62E04C24FFD906005D7EB7 /* Base */ = {isa = PBXFileReference; lastKnownFileType = file.storyboard; name = Base; path = Base.lproj/Main.storyboard; sourceTree = "<group>"; };
		AA62E04E24FFD908005D7EB7 /* Assets.xcassets */ = {isa = PBXFileReference; lastKnownFileType = folder.assetcatalog; path = Assets.xcassets; sourceTree = "<group>"; };
		AA62E05124FFD908005D7EB7 /* Base */ = {isa = PBXFileReference; lastKnownFileType = file.storyboard; name = Base; path = Base.lproj/LaunchScreen.storyboard; sourceTree = "<group>"; };
		AA62E05324FFD908005D7EB7 /* Info.plist */ = {isa = PBXFileReference; lastKnownFileType = text.plist.xml; path = Info.plist; sourceTree = "<group>"; };
		AA62E05A24FFDA03005D7EB7 /* ConquestPageViewController.swift */ = {isa = PBXFileReference; lastKnownFileType = sourcecode.swift; path = ConquestPageViewController.swift; sourceTree = "<group>"; };
/* End PBXFileReference section */

/* Begin PBXFrameworksBuildPhase section */
		AA62E03F24FFD906005D7EB7 /* Frameworks */ = {
			isa = PBXFrameworksBuildPhase;
			buildActionMask = 2147483647;
			files = (
			);
			runOnlyForDeploymentPostprocessing = 0;
		};
/* End PBXFrameworksBuildPhase section */

/* Begin PBXGroup section */
		AA62E03924FFD906005D7EB7 = {
			isa = PBXGroup;
			children = (
				AA62E04424FFD906005D7EB7 /* ConquestsView */,
				AA62E04324FFD906005D7EB7 /* Products */,
			);
			sourceTree = "<group>";
		};
		AA62E04324FFD906005D7EB7 /* Products */ = {
			isa = PBXGroup;
			children = (
				AA62E04224FFD906005D7EB7 /* ConquestsView.app */,
			);
			name = Products;
			sourceTree = "<group>";
		};
		AA62E04424FFD906005D7EB7 /* ConquestsView */ = {
			isa = PBXGroup;
			children = (
				AABA979F24FFE13C00B94BC0 /* New Group */,
				AA62E05924FFD91E005D7EB7 /* Controllers */,
				AA62E04524FFD906005D7EB7 /* AppDelegate.swift */,
				AA62E04724FFD906005D7EB7 /* SceneDelegate.swift */,
				AA62E04B24FFD906005D7EB7 /* Main.storyboard */,
				AA62E04E24FFD908005D7EB7 /* Assets.xcassets */,
				AA62E05024FFD908005D7EB7 /* LaunchScreen.storyboard */,
				AA62E05324FFD908005D7EB7 /* Info.plist */,
			);
			path = ConquestsView;
			sourceTree = "<group>";
		};
		AA62E05924FFD91E005D7EB7 /* Controllers */ = {
			isa = PBXGroup;
			children = (
				AA62E04924FFD906005D7EB7 /* ConquestViewController.swift */,
				AA62E05A24FFDA03005D7EB7 /* ConquestPageViewController.swift */,
			);
			path = Controllers;
			sourceTree = "<group>";
		};
		AABA979F24FFE13C00B94BC0 /* New Group */ = {
			isa = PBXGroup;
			children = (
			);
			path = "New Group";
			sourceTree = "<group>";
		};
/* End PBXGroup section */

/* Begin PBXNativeTarget section */
		AA62E04124FFD906005D7EB7 /* ConquestsView */ = {
			isa = PBXNativeTarget;
			buildConfigurationList = AA62E05624FFD908005D7EB7 /* Build configuration list for PBXNativeTarget "ConquestsView" */;
			buildPhases = (
				AA62E03E24FFD906005D7EB7 /* Sources */,
				AA62E03F24FFD906005D7EB7 /* Frameworks */,
				AA62E04024FFD906005D7EB7 /* Resources */,
			);
			buildRules = (
			);
			dependencies = (
			);
			name = ConquestsView;
			productName = ConquestsView;
			productReference = AA62E04224FFD906005D7EB7 /* ConquestsView.app */;
			productType = "com.apple.product-type.application";
		};
/* End PBXNativeTarget section */

/* Begin PBXProject section */
		AA62E03A24FFD906005D7EB7 /* Project object */ = {
			isa = PBXProject;
			attributes = {
				LastSwiftUpdateCheck = 1160;
				LastUpgradeCheck = 1160;
				ORGANIZATIONNAME = "Rodrigo Conte";
				TargetAttributes = {
					AA62E04124FFD906005D7EB7 = {
						CreatedOnToolsVersion = 11.6;
					};
				};
			};
			buildConfigurationList = AA62E03D24FFD906005D7EB7 /* Build configuration list for PBXProject "ConquestsView" */;
			compatibilityVersion = "Xcode 9.3";
			developmentRegion = en;
			hasScannedForEncodings = 0;
			knownRegions = (
				en,
				Base,
			);
			mainGroup = AA62E03924FFD906005D7EB7;
			productRefGroup = AA62E04324FFD906005D7EB7 /* Products */;
			projectDirPath = "";
			projectRoot = "";
			targets = (
				AA62E04124FFD906005D7EB7 /* ConquestsView */,
			);
		};
/* End PBXProject section */

/* Begin PBXResourcesBuildPhase section */
		AA62E04024FFD906005D7EB7 /* Resources */ = {
			isa = PBXResourcesBuildPhase;
			buildActionMask = 2147483647;
			files = (
				AA62E05224FFD908005D7EB7 /* LaunchScreen.storyboard in Resources */,
				AA62E04F24FFD908005D7EB7 /* Assets.xcassets in Resources */,
				AA62E04D24FFD906005D7EB7 /* Main.storyboard in Resources */,
			);
			runOnlyForDeploymentPostprocessing = 0;
		};
/* End PBXResourcesBuildPhase section */

/* Begin PBXSourcesBuildPhase section */
		AA62E03E24FFD906005D7EB7 /* Sources */ = {
			isa = PBXSourcesBuildPhase;
			buildActionMask = 2147483647;
			files = (
				AA62E04A24FFD906005D7EB7 /* ConquestViewController.swift in Sources */,
				AA62E04624FFD906005D7EB7 /* AppDelegate.swift in Sources */,
				AA62E05B24FFDA03005D7EB7 /* ConquestPageViewController.swift in Sources */,
				AA62E04824FFD906005D7EB7 /* SceneDelegate.swift in Sources */,
			);
			runOnlyForDeploymentPostprocessing = 0;
		};
/* End PBXSourcesBuildPhase section */

/* Begin PBXVariantGroup section */
		AA62E04B24FFD906005D7EB7 /* Main.storyboard */ = {
			isa = PBXVariantGroup;
			children = (
				AA62E04C24FFD906005D7EB7 /* Base */,
			);
			name = Main.storyboard;
			sourceTree = "<group>";
		};
		AA62E05024FFD908005D7EB7 /* LaunchScreen.storyboard */ = {
			isa = PBXVariantGroup;
			children = (
				AA62E05124FFD908005D7EB7 /* Base */,
			);
			name = LaunchScreen.storyboard;
			sourceTree = "<group>";
		};
/* End PBXVariantGroup section */

/* Begin XCBuildConfiguration section */
		AA62E05424FFD908005D7EB7 /* Debug */ = {
			isa = XCBuildConfiguration;
			buildSettings = {
				ALWAYS_SEARCH_USER_PATHS = NO;
				CLANG_ANALYZER_NONNULL = YES;
				CLANG_ANALYZER_NUMBER_OBJECT_CONVERSION = YES_AGGRESSIVE;
				CLANG_CXX_LANGUAGE_STANDARD = "gnu++14";
				CLANG_CXX_LIBRARY = "libc++";
				CLANG_ENABLE_MODULES = YES;
				CLANG_ENABLE_OBJC_ARC = YES;
				CLANG_ENABLE_OBJC_WEAK = YES;
				CLANG_WARN_BLOCK_CAPTURE_AUTORELEASING = YES;
				CLANG_WARN_BOOL_CONVERSION = YES;
				CLANG_WARN_COMMA = YES;
				CLANG_WARN_CONSTANT_CONVERSION = YES;
				CLANG_WARN_DEPRECATED_OBJC_IMPLEMENTATIONS = YES;
				CLANG_WARN_DIRECT_OBJC_ISA_USAGE = YES_ERROR;
				CLANG_WARN_DOCUMENTATION_COMMENTS = YES;
				CLANG_WARN_EMPTY_BODY = YES;
				CLANG_WARN_ENUM_CONVERSION = YES;
				CLANG_WARN_INFINITE_RECURSION = YES;
				CLANG_WARN_INT_CONVERSION = YES;
				CLANG_WARN_NON_LITERAL_NULL_CONVERSION = YES;
				CLANG_WARN_OBJC_IMPLICIT_RETAIN_SELF = YES;
				CLANG_WARN_OBJC_LITERAL_CONVERSION = YES;
				CLANG_WARN_OBJC_ROOT_CLASS = YES_ERROR;
				CLANG_WARN_RANGE_LOOP_ANALYSIS = YES;
				CLANG_WARN_STRICT_PROTOTYPES = YES;
				CLANG_WARN_SUSPICIOUS_MOVE = YES;
				CLANG_WARN_UNGUARDED_AVAILABILITY = YES_AGGRESSIVE;
				CLANG_WARN_UNREACHABLE_CODE = YES;
				CLANG_WARN__DUPLICATE_METHOD_MATCH = YES;
				COPY_PHASE_STRIP = NO;
				DEBUG_INFORMATION_FORMAT = dwarf;
				ENABLE_STRICT_OBJC_MSGSEND = YES;
				ENABLE_TESTABILITY = YES;
				GCC_C_LANGUAGE_STANDARD = gnu11;
				GCC_DYNAMIC_NO_PIC = NO;
				GCC_NO_COMMON_BLOCKS = YES;
				GCC_OPTIMIZATION_LEVEL = 0;
				GCC_PREPROCESSOR_DEFINITIONS = (
					"DEBUG=1",
					"$(inherited)",
				);
				GCC_WARN_64_TO_32_BIT_CONVERSION = YES;
				GCC_WARN_ABOUT_RETURN_TYPE = YES_ERROR;
				GCC_WARN_UNDECLARED_SELECTOR = YES;
				GCC_WARN_UNINITIALIZED_AUTOS = YES_AGGRESSIVE;
				GCC_WARN_UNUSED_FUNCTION = YES;
				GCC_WARN_UNUSED_VARIABLE = YES;
				IPHONEOS_DEPLOYMENT_TARGET = 13.6;
				MTL_ENABLE_DEBUG_INFO = INCLUDE_SOURCE;
				MTL_FAST_MATH = YES;
				ONLY_ACTIVE_ARCH = YES;
				SDKROOT = iphoneos;
				SWIFT_ACTIVE_COMPILATION_CONDITIONS = DEBUG;
				SWIFT_OPTIMIZATION_LEVEL = "-Onone";
			};
			name = Debug;
		};
		AA62E05524FFD908005D7EB7 /* Release */ = {
			isa = XCBuildConfiguration;
			buildSettings = {
				ALWAYS_SEARCH_USER_PATHS = NO;
				CLANG_ANALYZER_NONNULL = YES;
				CLANG_ANALYZER_NUMBER_OBJECT_CONVERSION = YES_AGGRESSIVE;
				CLANG_CXX_LANGUAGE_STANDARD = "gnu++14";
				CLANG_CXX_LIBRARY = "libc++";
				CLANG_ENABLE_MODULES = YES;
				CLANG_ENABLE_OBJC_ARC = YES;
				CLANG_ENABLE_OBJC_WEAK = YES;
				CLANG_WARN_BLOCK_CAPTURE_AUTORELEASING = YES;
				CLANG_WARN_BOOL_CONVERSION = YES;
				CLANG_WARN_COMMA = YES;
				CLANG_WARN_CONSTANT_CONVERSION = YES;
				CLANG_WARN_DEPRECATED_OBJC_IMPLEMENTATIONS = YES;
				CLANG_WARN_DIRECT_OBJC_ISA_USAGE = YES_ERROR;
				CLANG_WARN_DOCUMENTATION_COMMENTS = YES;
				CLANG_WARN_EMPTY_BODY = YES;
				CLANG_WARN_ENUM_CONVERSION = YES;
				CLANG_WARN_INFINITE_RECURSION = YES;
				CLANG_WARN_INT_CONVERSION = YES;
				CLANG_WARN_NON_LITERAL_NULL_CONVERSION = YES;
				CLANG_WARN_OBJC_IMPLICIT_RETAIN_SELF = YES;
				CLANG_WARN_OBJC_LITERAL_CONVERSION = YES;
				CLANG_WARN_OBJC_ROOT_CLASS = YES_ERROR;
				CLANG_WARN_RANGE_LOOP_ANALYSIS = YES;
				CLANG_WARN_STRICT_PROTOTYPES = YES;
				CLANG_WARN_SUSPICIOUS_MOVE = YES;
				CLANG_WARN_UNGUARDED_AVAILABILITY = YES_AGGRESSIVE;
				CLANG_WARN_UNREACHABLE_CODE = YES;
				CLANG_WARN__DUPLICATE_METHOD_MATCH = YES;
				COPY_PHASE_STRIP = NO;
				DEBUG_INFORMATION_FORMAT = "dwarf-with-dsym";
				ENABLE_NS_ASSERTIONS = NO;
				ENABLE_STRICT_OBJC_MSGSEND = YES;
				GCC_C_LANGUAGE_STANDARD = gnu11;
				GCC_NO_COMMON_BLOCKS = YES;
				GCC_WARN_64_TO_32_BIT_CONVERSION = YES;
				GCC_WARN_ABOUT_RETURN_TYPE = YES_ERROR;
				GCC_WARN_UNDECLARED_SELECTOR = YES;
				GCC_WARN_UNINITIALIZED_AUTOS = YES_AGGRESSIVE;
				GCC_WARN_UNUSED_FUNCTION = YES;
				GCC_WARN_UNUSED_VARIABLE = YES;
				IPHONEOS_DEPLOYMENT_TARGET = 13.6;
				MTL_ENABLE_DEBUG_INFO = NO;
				MTL_FAST_MATH = YES;
				SDKROOT = iphoneos;
				SWIFT_COMPILATION_MODE = wholemodule;
				SWIFT_OPTIMIZATION_LEVEL = "-O";
				VALIDATE_PRODUCT = YES;
			};
			name = Release;
		};
		AA62E05724FFD908005D7EB7 /* Debug */ = {
			isa = XCBuildConfiguration;
			buildSettings = {
				ASSETCATALOG_COMPILER_APPICON_NAME = AppIcon;
				CODE_SIGN_STYLE = Automatic;
				DEVELOPMENT_TEAM = 9GP3MC4W78;
				INFOPLIST_FILE = ConquestsView/Info.plist;
				LD_RUNPATH_SEARCH_PATHS = (
					"$(inherited)",
					"@executable_path/Frameworks",
				);
				PRODUCT_BUNDLE_IDENTIFIER = conts.dev.ConquestsView;
				PRODUCT_NAME = "$(TARGET_NAME)";
				SWIFT_VERSION = 5.0;
				TARGETED_DEVICE_FAMILY = "1,2";
			};
			name = Debug;
		};
		AA62E05824FFD908005D7EB7 /* Release */ = {
			isa = XCBuildConfiguration;
			buildSettings = {
				ASSETCATALOG_COMPILER_APPICON_NAME = AppIcon;
				CODE_SIGN_STYLE = Automatic;
				DEVELOPMENT_TEAM = 9GP3MC4W78;
				INFOPLIST_FILE = ConquestsView/Info.plist;
				LD_RUNPATH_SEARCH_PATHS = (
					"$(inherited)",
					"@executable_path/Frameworks",
				);
				PRODUCT_BUNDLE_IDENTIFIER = conts.dev.ConquestsView;
				PRODUCT_NAME = "$(TARGET_NAME)";
				SWIFT_VERSION = 5.0;
				TARGETED_DEVICE_FAMILY = "1,2";
			};
			name = Release;
		};
/* End XCBuildConfiguration section */

/* Begin XCConfigurationList section */
		AA62E03D24FFD906005D7EB7 /* Build configuration list for PBXProject "ConquestsView" */ = {
			isa = XCConfigurationList;
			buildConfigurations = (
				AA62E05424FFD908005D7EB7 /* Debug */,
				AA62E05524FFD908005D7EB7 /* Release */,
			);
			defaultConfigurationIsVisible = 0;
			defaultConfigurationName = Release;
		};
		AA62E05624FFD908005D7EB7 /* Build configuration list for PBXNativeTarget "ConquestsView" */ = {
			isa = XCConfigurationList;
			buildConfigurations = (
				AA62E05724FFD908005D7EB7 /* Debug */,
				AA62E05824FFD908005D7EB7 /* Release */,
			);
			defaultConfigurationIsVisible = 0;
			defaultConfigurationName = Release;
		};
/* End XCConfigurationList section */
	};
	rootObject = AA62E03A24FFD906005D7EB7 /* Project object */;
}
